
Microsoft Visual Studio Solution File, Format Version 12.00
# Visual Studio Version 16
VisualStudioVersion = 16.0.30104.148
MinimumVisualStudioVersion = 10.0.40219.1
Project("{9A19103F-16F7-4668-BE54-9A1E7A4F7556}") = "E2E.Core", "E2E.Core\E2E.Core.csproj", "{02117657-26F3-46CF-B874-604D4CCD9C61}"
EndProject
Global
	GlobalSection(SolutionConfigurationPlatforms) = preSolution
		Debug|Any CPU = Debug|Any CPU
		Release|Any CPU = Release|Any CPU
	EndGlobalSection
	GlobalSection(ProjectConfigurationPlatforms) = postSolution
		{02117657-26F3-46CF-B874-604D4CCD9C61}.Debug|Any CPU.ActiveCfg = Debug|Any CPU
		{02117657-26F3-46CF-B874-604D4CCD9C61}.Debug|Any CPU.Build.0 = Debug|Any CPU
		{02117657-26F3-46CF-B874-604D4CCD9C61}.Release|Any CPU.ActiveCfg = Release|Any CPU
		{02117657-26F3-46CF-B874-604D4CCD9C61}.Release|Any CPU.Build.0 = Release|Any CPU
	EndGlobalSection
	GlobalSection(SolutionProperties) = preSolution
		HideSolutionNode = FALSE
	EndGlobalSection
	GlobalSection(ExtensibilityGlobals) = postSolution
		SolutionGuid = {6F697B79-A821-4056-B0AC-A372386CAB0D}
	EndGlobalSection
EndGlobal
